Microsoft Visual Studio Solution File, Format Version 10.00
# Visual Studio 2008

Project("{4D604DD8-F008-1454-71DC-845683399189}") = "Inventory", "Assembly-CSharp-vs.csproj", "{CE9B2838-BAA5-58C9-FABF-B8A8DCBCAB94}"
EndProject
Global
	GlobalSection(SolutionConfigurationPlatforms) = preSolution
		Debug|Any CPU = Debug|Any CPU
		Release|Any CPU = Release|Any CPU
	EndGlobalSection
	GlobalSection(ProjectConfigurationPlatforms) = postSolution
		{CE9B2838-BAA5-58C9-FABF-B8A8DCBCAB94}.Debug|Any CPU.ActiveCfg = Debug|Any CPU
		{CE9B2838-BAA5-58C9-FABF-B8A8DCBCAB94}.Debug|Any CPU.Build.0 = Debug|Any CPU
		{CE9B2838-BAA5-58C9-FABF-B8A8DCBCAB94}.Release|Any CPU.ActiveCfg = Release|Any CPU
		{CE9B2838-BAA5-58C9-FABF-B8A8DCBCAB94}.Release|Any CPU.Build.0 = Release|Any CPU
	EndGlobalSection
	GlobalSection(SolutionProperties) = preSolution
		HideSolutionNode = FALSE
	EndGlobalSection
	
EndGlobal
